{
  "lockfileVersion": 1,
  "dependencies": {
    "apiai": {
      "version": "4.0.3",
      "resolved": "https://registry.npmjs.org/apiai/-/apiai-4.0.3.tgz",
      "integrity": "sha1-LRqjutH9lBjeqtpQk2noTgEe+vg="
    },
    "if": {
      "version": "2.0.0",
      "resolved": "https://registry.npmjs.org/if/-/if-2.0.0.tgz",
      "integrity": "sha1-Hfi/R99Y+U1SXAW7ZN8WbWiO+iE="
    }
  }
}
